{
  "name": "example",
  "version": "1.0.0",
  "lockfileVersion": 1,
  "requires": true,
  "dependencies": {
    "qt-js": {
      "version": "1.0.3",
      "resolved": "https://registry.npmjs.org/qt-js/-/qt-js-1.0.3.tgz",
      "integrity": "sha512-KAy3KugDwyEz2q8uQBT86eoESyOMzEO5G8U7IeA55K2MqdQjijiYWad5psx15CKoNCT5bpYoUZkY4z5aSl271g=="
    }
  }
}
